
Microsoft Visual Studio Solution File, Format Version 12.00
# Visual Studio Version 17
VisualStudioVersion = 17.0.31912.275
MinimumVisualStudioVersion = 10.0.40219.1
Project("{9A19103F-16F7-4668-BE54-9A1E7A4F7556}") = "Preconditions", "src\Preconditions\Preconditions.csproj", "{1D987883-7954-4919-90B0-41995C98B61E}"
EndProject
Project("{FAE04EC0-301F-11D3-BF4B-00C04F79EFBC}") = "Preconditions.Tests", "tests\Preconditions.Tests\Preconditions.Tests.csproj", "{A970E87A-4EBC-4A1A-B299-5309CBC16448}"
EndProject
Global
	GlobalSection(SolutionConfigurationPlatforms) = preSolution
		Debug|Any CPU = Debug|Any CPU
		Release|Any CPU = Release|Any CPU
	EndGlobalSection
	GlobalSection(ProjectConfigurationPlatforms) = postSolution
		{1D987883-7954-4919-90B0-41995C98B61E}.Debug|Any CPU.ActiveCfg = Debug|Any CPU
		{1D987883-7954-4919-90B0-41995C98B61E}.Debug|Any CPU.Build.0 = Debug|Any CPU
		{1D987883-7954-4919-90B0-41995C98B61E}.Release|Any CPU.ActiveCfg = Release|Any CPU
		{1D987883-7954-4919-90B0-41995C98B61E}.Release|Any CPU.Build.0 = Release|Any CPU
		{A970E87A-4EBC-4A1A-B299-5309CBC16448}.Debug|Any CPU.ActiveCfg = Debug|Any CPU
		{A970E87A-4EBC-4A1A-B299-5309CBC16448}.Debug|Any CPU.Build.0 = Debug|Any CPU
		{A970E87A-4EBC-4A1A-B299-5309CBC16448}.Release|Any CPU.ActiveCfg = Release|Any CPU
		{A970E87A-4EBC-4A1A-B299-5309CBC16448}.Release|Any CPU.Build.0 = Release|Any CPU
	EndGlobalSection
	GlobalSection(SolutionProperties) = preSolution
		HideSolutionNode = FALSE
	EndGlobalSection
	GlobalSection(ExtensibilityGlobals) = postSolution
		SolutionGuid = {E5AEC143-2C47-4670-986B-C5FE983CE49F}
	EndGlobalSection
EndGlobal
