
Microsoft Visual Studio Solution File, Format Version 12.00
# Visual Studio 14
VisualStudioVersion = 14.0.25420.1
MinimumVisualStudioVersion = 10.0.40219.1
Project("{2150E333-8FDC-42A3-9474-1A3956D46DE8}") = "src", "src", "{88E7382C-D329-464A-878C-EFACE355E052}"
EndProject
Project("{8BB2217D-0F2D-49D1-97BC-3654ED321F3B}") = "Preconditions", "src\Preconditions\Preconditions.xproj", "{396167F4-5CC3-4C63-B66E-A5C6DD7745C5}"
EndProject
Project("{2150E333-8FDC-42A3-9474-1A3956D46DE8}") = "test", "test", "{C921C574-862E-4197-9B80-616230B82787}"
EndProject
Global
	GlobalSection(SolutionConfigurationPlatforms) = preSolution
		Debug|Any CPU = Debug|Any CPU
		Release|Any CPU = Release|Any CPU
	EndGlobalSection
	GlobalSection(ProjectConfigurationPlatforms) = postSolution
		{396167F4-5CC3-4C63-B66E-A5C6DD7745C5}.Debug|Any CPU.ActiveCfg = Debug|Any CPU
		{396167F4-5CC3-4C63-B66E-A5C6DD7745C5}.Debug|Any CPU.Build.0 = Debug|Any CPU
		{396167F4-5CC3-4C63-B66E-A5C6DD7745C5}.Release|Any CPU.ActiveCfg = Release|Any CPU
		{396167F4-5CC3-4C63-B66E-A5C6DD7745C5}.Release|Any CPU.Build.0 = Release|Any CPU
	EndGlobalSection
	GlobalSection(SolutionProperties) = preSolution
		HideSolutionNode = FALSE
	EndGlobalSection
	GlobalSection(NestedProjects) = preSolution
		{396167F4-5CC3-4C63-B66E-A5C6DD7745C5} = {88E7382C-D329-464A-878C-EFACE355E052}
	EndGlobalSection
EndGlobal
